
Microsoft Visual Studio Solution File, Format Version 12.00
# Visual Studio 15
VisualStudioVersion = 15.0.27130.2010
MinimumVisualStudioVersion = 10.0.40219.1
Project("{FAE04EC0-301F-11D3-BF4B-00C04F79EFBC}") = "MyLib", "src\MyLib\MyLib.csproj", "{15F2BCCC-91BD-4196-BB68-D4351A1B2FB3}"
EndProject
Project("{FAE04EC0-301F-11D3-BF4B-00C04F79EFBC}") = "Startup", "src\Startup\Startup.csproj", "{BD6DB923-04EC-461E-8555-AF8C4A923C14}"
EndProject
Global
	GlobalSection(SolutionConfigurationPlatforms) = preSolution
		Debug|Any CPU = Debug|Any CPU
		Release|Any CPU = Release|Any CPU
	EndGlobalSection
	GlobalSection(ProjectConfigurationPlatforms) = postSolution
		{15F2BCCC-91BD-4196-BB68-D4351A1B2FB3}.Debug|Any CPU.ActiveCfg = Debug|Any CPU
		{15F2BCCC-91BD-4196-BB68-D4351A1B2FB3}.Debug|Any CPU.Build.0 = Debug|Any CPU
		{15F2BCCC-91BD-4196-BB68-D4351A1B2FB3}.Release|Any CPU.ActiveCfg = Release|Any CPU
		{15F2BCCC-91BD-4196-BB68-D4351A1B2FB3}.Release|Any CPU.Build.0 = Release|Any CPU
		{BD6DB923-04EC-461E-8555-AF8C4A923C14}.Debug|Any CPU.ActiveCfg = Debug|Any CPU
		{BD6DB923-04EC-461E-8555-AF8C4A923C14}.Debug|Any CPU.Build.0 = Debug|Any CPU
		{BD6DB923-04EC-461E-8555-AF8C4A923C14}.Release|Any CPU.ActiveCfg = Release|Any CPU
		{BD6DB923-04EC-461E-8555-AF8C4A923C14}.Release|Any CPU.Build.0 = Release|Any CPU
	EndGlobalSection
	GlobalSection(SolutionProperties) = preSolution
		HideSolutionNode = FALSE
	EndGlobalSection
	GlobalSection(ExtensibilityGlobals) = postSolution
		SolutionGuid = {0DD7E381-35FA-4D5E-839F-BB8BCDC26ECD}
	EndGlobalSection
EndGlobal
